github.com/hashicorp/terraform-plugin-framework v1.19.0 h1:q0bwyhxAOR3vfdgbk9iplv3MlTv/dhBHTXjQOtQDoBA=
github.com/hashicorp/terraform-plugin-framework v1.19.0/go.mod h1:YRXOBu0jvs7xp4AThBbX4mAzYaMJ1JgtFH//oGKxwLc=
github.com/hashicorp/terraform-plugin-framework-validators v0.19.0 h1:Zz3iGgzxe/1XBkooZCewS0nJAaCFPFPHdNJd8FgE4Ow=
github.com/hashicorp/terraform-plugin-framework-validators v0.19.0/go.mod h1:GBKTNGbGVJohU03dZ7U8wHqc2zYnMUawgCN+gC0itLc=
github.com/hashicorp/terraform-plugin-go v0.31.0 h1:0Fz2r9DQ+kNNl6bx8HRxFd1TfMKUvnrOtvJPmp3Z0q8=
github.com/hashicorp/terraform-plugin-go v0.31.0/go.mod h1:A88bDhd/cW7FnwqxQRz3slT+QY6yzbHKc6AOTtmdeS8=
github.com/hashicorp/terraform-plugin-log v0.11.0 h1:WjhcpZIVqP8YRe83+dIZXncwSgtu4vh27i23G33PUQY=
github.com/hashicorp/terraform-plugin-log v0.11.0/go.mod h1:XygBz8+m5kgwTb73MMyrnUjeNQeVWECEfg+h2opMsj0=
github.com/hashicorp/terraform-plugin-testing v1.16.0 h1:GB97nGnJ1hESpDrCjqZig38RodSF0gdRzxlDupLXP38=
github.com/hashicorp/terraform-plugin-testing v1.16.0/go.mod h1:eQPYAy9xFMV7xtIFX8Y+wJGtUB++HBl329zCF6PBMZk=
